
Microsoft Visual Studio Solution File, Format Version 12.00
# Visual Studio 2012
Project("{FAE04EC0-301F-11D3-BF4B-00C04F79EFBC}") = "SkopMe.Web", "SkopMe.Web\SkopMe.Web.csproj", "{593DE672-95B5-40D3-8F7B-49159578108D}"
EndProject
Project("{FAE04EC0-301F-11D3-BF4B-00C04F79EFBC}") = "SkopMe.PostgreSQLProvider", "SkopMe.PostgreSQLProvider\SkopMe.PostgreSQLProvider.csproj", "{FF3FB1BB-8986-4AD4-91F1-DA778A1FA65D}"
EndProject
Project("{2150E333-8FDC-42A3-9474-1A3956D46DE8}") = "Core", "Core", "{690690D6-58FF-446A-9DA2-1F63D42BC741}"
EndProject
Project("{2150E333-8FDC-42A3-9474-1A3956D46DE8}") = "Repository", "Repository", "{7233128B-F2B2-46B8-8219-A79698D0F3E0}"
EndProject
Project("{2150E333-8FDC-42A3-9474-1A3956D46DE8}") = "Services", "Services", "{57732B6A-8707-4D8F-BFF6-80198A33EC01}"
EndProject
Project("{2150E333-8FDC-42A3-9474-1A3956D46DE8}") = "WebApps", "WebApps", "{DD122F80-941C-43CA-A58A-7008C434DF13}"
EndProject
Project("{FAE04EC0-301F-11D3-BF4B-00C04F79EFBC}") = "SkopMe.Repositories", "SkopMe.Repository\SkopMe.Repositories.csproj", "{48D07DB6-1CB3-4A71-9C73-468042CF79A3}"
EndProject
Project("{FAE04EC0-301F-11D3-BF4B-00C04F79EFBC}") = "SkopMe.Services", "SkopMe.Services\SkopMe.Services.csproj", "{F46EEFF3-F0E9-4471-95AD-9AC533C36DAB}"
EndProject
Project("{FAE04EC0-301F-11D3-BF4B-00C04F79EFBC}") = "SkopMe.Core", "SkopMe.Models\SkopMe.Core.csproj", "{C1781ACE-70C6-45B1-89B6-E3870813BD95}"
EndProject
Project("{FAE04EC0-301F-11D3-BF4B-00C04F79EFBC}") = "SkopMe.WebApi", "SkopMe.WebApi\SkopMe.WebApi.csproj", "{45AA0D3C-962A-4FB8-BB0E-0686C56D3529}"
EndProject
Global
	GlobalSection(SolutionConfigurationPlatforms) = preSolution
		Debug|Any CPU = Debug|Any CPU
		Release|Any CPU = Release|Any CPU
	EndGlobalSection
	GlobalSection(ProjectConfigurationPlatforms) = postSolution
		{593DE672-95B5-40D3-8F7B-49159578108D}.Debug|Any CPU.ActiveCfg = Debug|Any CPU
		{593DE672-95B5-40D3-8F7B-49159578108D}.Debug|Any CPU.Build.0 = Debug|Any CPU
		{593DE672-95B5-40D3-8F7B-49159578108D}.Release|Any CPU.ActiveCfg = Release|Any CPU
		{593DE672-95B5-40D3-8F7B-49159578108D}.Release|Any CPU.Build.0 = Release|Any CPU
		{FF3FB1BB-8986-4AD4-91F1-DA778A1FA65D}.Debug|Any CPU.ActiveCfg = Debug|Any CPU
		{FF3FB1BB-8986-4AD4-91F1-DA778A1FA65D}.Debug|Any CPU.Build.0 = Debug|Any CPU
		{FF3FB1BB-8986-4AD4-91F1-DA778A1FA65D}.Release|Any CPU.ActiveCfg = Release|Any CPU
		{FF3FB1BB-8986-4AD4-91F1-DA778A1FA65D}.Release|Any CPU.Build.0 = Release|Any CPU
		{48D07DB6-1CB3-4A71-9C73-468042CF79A3}.Debug|Any CPU.ActiveCfg = Debug|Any CPU
		{48D07DB6-1CB3-4A71-9C73-468042CF79A3}.Debug|Any CPU.Build.0 = Debug|Any CPU
		{48D07DB6-1CB3-4A71-9C73-468042CF79A3}.Release|Any CPU.ActiveCfg = Release|Any CPU
		{48D07DB6-1CB3-4A71-9C73-468042CF79A3}.Release|Any CPU.Build.0 = Release|Any CPU
		{F46EEFF3-F0E9-4471-95AD-9AC533C36DAB}.Debug|Any CPU.ActiveCfg = Debug|Any CPU
		{F46EEFF3-F0E9-4471-95AD-9AC533C36DAB}.Debug|Any CPU.Build.0 = Debug|Any CPU
		{F46EEFF3-F0E9-4471-95AD-9AC533C36DAB}.Release|Any CPU.ActiveCfg = Release|Any CPU
		{F46EEFF3-F0E9-4471-95AD-9AC533C36DAB}.Release|Any CPU.Build.0 = Release|Any CPU
		{C1781ACE-70C6-45B1-89B6-E3870813BD95}.Debug|Any CPU.ActiveCfg = Debug|Any CPU
		{C1781ACE-70C6-45B1-89B6-E3870813BD95}.Debug|Any CPU.Build.0 = Debug|Any CPU
		{C1781ACE-70C6-45B1-89B6-E3870813BD95}.Release|Any CPU.ActiveCfg = Release|Any CPU
		{C1781ACE-70C6-45B1-89B6-E3870813BD95}.Release|Any CPU.Build.0 = Release|Any CPU
		{45AA0D3C-962A-4FB8-BB0E-0686C56D3529}.Debug|Any CPU.ActiveCfg = Debug|Any CPU
		{45AA0D3C-962A-4FB8-BB0E-0686C56D3529}.Debug|Any CPU.Build.0 = Debug|Any CPU
		{45AA0D3C-962A-4FB8-BB0E-0686C56D3529}.Release|Any CPU.ActiveCfg = Release|Any CPU
		{45AA0D3C-962A-4FB8-BB0E-0686C56D3529}.Release|Any CPU.Build.0 = Release|Any CPU
	EndGlobalSection
	GlobalSection(SolutionProperties) = preSolution
		HideSolutionNode = FALSE
	EndGlobalSection
	GlobalSection(NestedProjects) = preSolution
		{593DE672-95B5-40D3-8F7B-49159578108D} = {DD122F80-941C-43CA-A58A-7008C434DF13}
		{45AA0D3C-962A-4FB8-BB0E-0686C56D3529} = {DD122F80-941C-43CA-A58A-7008C434DF13}
		{FF3FB1BB-8986-4AD4-91F1-DA778A1FA65D} = {690690D6-58FF-446A-9DA2-1F63D42BC741}
		{C1781ACE-70C6-45B1-89B6-E3870813BD95} = {690690D6-58FF-446A-9DA2-1F63D42BC741}
		{48D07DB6-1CB3-4A71-9C73-468042CF79A3} = {7233128B-F2B2-46B8-8219-A79698D0F3E0}
		{F46EEFF3-F0E9-4471-95AD-9AC533C36DAB} = {57732B6A-8707-4D8F-BFF6-80198A33EC01}
	EndGlobalSection
	GlobalSection(ExtensibilityGlobals) = postSolution
		EnterpriseLibraryConfigurationToolBinariesPath = packages\Unity.2.1.505.0\lib\NET35
	EndGlobalSection
EndGlobal
